
Microsoft Visual Studio Solution File, Format Version 12.00
# Visual Studio Version 17
VisualStudioVersion = 17.4.33205.214
MinimumVisualStudioVersion = 10.0.40219.1
Project("{2150E333-8FDC-42A3-9474-1A3956D46DE8}") = "BookingService", "BookingService", "{CCF2D168-996E-476D-B105-C54E0C2C3B17}"
EndProject
Project("{2150E333-8FDC-42A3-9474-1A3956D46DE8}") = "PymentsService", "PymentsService", "{24863CBD-91E3-48DC-8728-E5CFA68DE2ED}"
EndProject
Project("{2150E333-8FDC-42A3-9474-1A3956D46DE8}") = "Core", "Core", "{EB5FFF70-2175-4012-83D9-9D92AB4D94EC}"
EndProject
Project("{2150E333-8FDC-42A3-9474-1A3956D46DE8}") = "Domain", "Domain", "{97CB66A2-69EC-47F9-BEDD-52DAAA4081B2}"
EndProject
Project("{2150E333-8FDC-42A3-9474-1A3956D46DE8}") = "Application", "Application", "{C4716807-AB12-48E3-B35D-D193E03E9C99}"
EndProject
Project("{2150E333-8FDC-42A3-9474-1A3956D46DE8}") = "Consumer", "Consumer", "{90886E38-FCDC-4AF8-B75B-3DD8F1B26545}"
EndProject
Project("{2150E333-8FDC-42A3-9474-1A3956D46DE8}") = "Tests", "Tests", "{21433DBA-B85E-49A0-8B64-ADA5B125B5B6}"
EndProject
Project("{2150E333-8FDC-42A3-9474-1A3956D46DE8}") = "Adapters", "Adapters", "{AC089277-9B9F-4806-89C8-F59807BFA1F6}"
EndProject
Project("{2150E333-8FDC-42A3-9474-1A3956D46DE8}") = "Domain", "Domain", "{1645D39C-BB21-4B45-B05A-59F74A36838F}"
EndProject
Project("{2150E333-8FDC-42A3-9474-1A3956D46DE8}") = "Application", "Application", "{128C8A96-9270-4958-9FAC-636DCC3A1298}"
EndProject
Project("{2150E333-8FDC-42A3-9474-1A3956D46DE8}") = "Adapters", "Adapters", "{0AFC62A1-56D6-4A2A-A626-FD74F4A279E1}"
EndProject
Project("{9A19103F-16F7-4668-BE54-9A1E7A4F7556}") = "DomainTests", "BookingService\Tests\Domain\DomainTests\DomainTests.csproj", "{CF5955D0-F3D7-4EE3-91F0-24D2E10BD4BF}"
EndProject
Project("{9A19103F-16F7-4668-BE54-9A1E7A4F7556}") = "ApplicationTestes", "BookingService\Tests\Application\ApplicationTestes\ApplicationTestes.csproj", "{BD1BDA11-4B49-4E61-80AA-EDBD3494EC02}"
EndProject
Project("{9A19103F-16F7-4668-BE54-9A1E7A4F7556}") = "AdaptersTests", "BookingService\Tests\Adapters\AdaptersTests\AdaptersTests.csproj", "{85638E4F-7F31-4BD3-B919-41C0575C58D4}"
EndProject
Project("{9A19103F-16F7-4668-BE54-9A1E7A4F7556}") = "API", "BookingService\Consumers\API\API.csproj", "{4E0FAD8B-8B9D-4C6A-A601-BA4F7A80E9E7}"
EndProject
Project("{9A19103F-16F7-4668-BE54-9A1E7A4F7556}") = "Data", "BookingService\Adapters\Data\Data.csproj", "{CEEB8DCC-D4D4-4066-B150-31450300E632}"
EndProject
Project("{9A19103F-16F7-4668-BE54-9A1E7A4F7556}") = "Application", "BookingService\Core\Application\Application.csproj", "{1FC3B18E-2C65-484F-A65F-8FB2D9C649BB}"
EndProject
Project("{9A19103F-16F7-4668-BE54-9A1E7A4F7556}") = "Domain", "BookingService\Core\Domain\Domain.csproj", "{15BEFE5D-4F42-458A-8307-D9433EAC27D5}"
EndProject
Global
	GlobalSection(SolutionConfigurationPlatforms) = preSolution
		Debug|Any CPU = Debug|Any CPU
		Release|Any CPU = Release|Any CPU
	EndGlobalSection
	GlobalSection(ProjectConfigurationPlatforms) = postSolution
		{CF5955D0-F3D7-4EE3-91F0-24D2E10BD4BF}.Debug|Any CPU.ActiveCfg = Debug|Any CPU
		{CF5955D0-F3D7-4EE3-91F0-24D2E10BD4BF}.Debug|Any CPU.Build.0 = Debug|Any CPU
		{CF5955D0-F3D7-4EE3-91F0-24D2E10BD4BF}.Release|Any CPU.ActiveCfg = Release|Any CPU
		{CF5955D0-F3D7-4EE3-91F0-24D2E10BD4BF}.Release|Any CPU.Build.0 = Release|Any CPU
		{BD1BDA11-4B49-4E61-80AA-EDBD3494EC02}.Debug|Any CPU.ActiveCfg = Debug|Any CPU
		{BD1BDA11-4B49-4E61-80AA-EDBD3494EC02}.Debug|Any CPU.Build.0 = Debug|Any CPU
		{BD1BDA11-4B49-4E61-80AA-EDBD3494EC02}.Release|Any CPU.ActiveCfg = Release|Any CPU
		{BD1BDA11-4B49-4E61-80AA-EDBD3494EC02}.Release|Any CPU.Build.0 = Release|Any CPU
		{85638E4F-7F31-4BD3-B919-41C0575C58D4}.Debug|Any CPU.ActiveCfg = Debug|Any CPU
		{85638E4F-7F31-4BD3-B919-41C0575C58D4}.Debug|Any CPU.Build.0 = Debug|Any CPU
		{85638E4F-7F31-4BD3-B919-41C0575C58D4}.Release|Any CPU.ActiveCfg = Release|Any CPU
		{85638E4F-7F31-4BD3-B919-41C0575C58D4}.Release|Any CPU.Build.0 = Release|Any CPU
		{4E0FAD8B-8B9D-4C6A-A601-BA4F7A80E9E7}.Debug|Any CPU.ActiveCfg = Debug|Any CPU
		{4E0FAD8B-8B9D-4C6A-A601-BA4F7A80E9E7}.Debug|Any CPU.Build.0 = Debug|Any CPU
		{4E0FAD8B-8B9D-4C6A-A601-BA4F7A80E9E7}.Release|Any CPU.ActiveCfg = Release|Any CPU
		{4E0FAD8B-8B9D-4C6A-A601-BA4F7A80E9E7}.Release|Any CPU.Build.0 = Release|Any CPU
		{CEEB8DCC-D4D4-4066-B150-31450300E632}.Debug|Any CPU.ActiveCfg = Debug|Any CPU
		{CEEB8DCC-D4D4-4066-B150-31450300E632}.Debug|Any CPU.Build.0 = Debug|Any CPU
		{CEEB8DCC-D4D4-4066-B150-31450300E632}.Release|Any CPU.ActiveCfg = Release|Any CPU
		{CEEB8DCC-D4D4-4066-B150-31450300E632}.Release|Any CPU.Build.0 = Release|Any CPU
		{1FC3B18E-2C65-484F-A65F-8FB2D9C649BB}.Debug|Any CPU.ActiveCfg = Debug|Any CPU
		{1FC3B18E-2C65-484F-A65F-8FB2D9C649BB}.Debug|Any CPU.Build.0 = Debug|Any CPU
		{1FC3B18E-2C65-484F-A65F-8FB2D9C649BB}.Release|Any CPU.ActiveCfg = Release|Any CPU
		{1FC3B18E-2C65-484F-A65F-8FB2D9C649BB}.Release|Any CPU.Build.0 = Release|Any CPU
		{15BEFE5D-4F42-458A-8307-D9433EAC27D5}.Debug|Any CPU.ActiveCfg = Debug|Any CPU
		{15BEFE5D-4F42-458A-8307-D9433EAC27D5}.Debug|Any CPU.Build.0 = Debug|Any CPU
		{15BEFE5D-4F42-458A-8307-D9433EAC27D5}.Release|Any CPU.ActiveCfg = Release|Any CPU
		{15BEFE5D-4F42-458A-8307-D9433EAC27D5}.Release|Any CPU.Build.0 = Release|Any CPU
	EndGlobalSection
	GlobalSection(SolutionProperties) = preSolution
		HideSolutionNode = FALSE
	EndGlobalSection
	GlobalSection(NestedProjects) = preSolution
		{EB5FFF70-2175-4012-83D9-9D92AB4D94EC} = {CCF2D168-996E-476D-B105-C54E0C2C3B17}
		{97CB66A2-69EC-47F9-BEDD-52DAAA4081B2} = {EB5FFF70-2175-4012-83D9-9D92AB4D94EC}
		{C4716807-AB12-48E3-B35D-D193E03E9C99} = {EB5FFF70-2175-4012-83D9-9D92AB4D94EC}
		{90886E38-FCDC-4AF8-B75B-3DD8F1B26545} = {CCF2D168-996E-476D-B105-C54E0C2C3B17}
		{21433DBA-B85E-49A0-8B64-ADA5B125B5B6} = {CCF2D168-996E-476D-B105-C54E0C2C3B17}
		{AC089277-9B9F-4806-89C8-F59807BFA1F6} = {CCF2D168-996E-476D-B105-C54E0C2C3B17}
		{1645D39C-BB21-4B45-B05A-59F74A36838F} = {21433DBA-B85E-49A0-8B64-ADA5B125B5B6}
		{128C8A96-9270-4958-9FAC-636DCC3A1298} = {21433DBA-B85E-49A0-8B64-ADA5B125B5B6}
		{0AFC62A1-56D6-4A2A-A626-FD74F4A279E1} = {21433DBA-B85E-49A0-8B64-ADA5B125B5B6}
		{CF5955D0-F3D7-4EE3-91F0-24D2E10BD4BF} = {1645D39C-BB21-4B45-B05A-59F74A36838F}
		{BD1BDA11-4B49-4E61-80AA-EDBD3494EC02} = {128C8A96-9270-4958-9FAC-636DCC3A1298}
		{85638E4F-7F31-4BD3-B919-41C0575C58D4} = {0AFC62A1-56D6-4A2A-A626-FD74F4A279E1}
		{4E0FAD8B-8B9D-4C6A-A601-BA4F7A80E9E7} = {90886E38-FCDC-4AF8-B75B-3DD8F1B26545}
		{CEEB8DCC-D4D4-4066-B150-31450300E632} = {AC089277-9B9F-4806-89C8-F59807BFA1F6}
		{1FC3B18E-2C65-484F-A65F-8FB2D9C649BB} = {C4716807-AB12-48E3-B35D-D193E03E9C99}
		{15BEFE5D-4F42-458A-8307-D9433EAC27D5} = {97CB66A2-69EC-47F9-BEDD-52DAAA4081B2}
	EndGlobalSection
	GlobalSection(ExtensibilityGlobals) = postSolution
		SolutionGuid = {FB400984-3052-4C92-8105-16C7D731C559}
	EndGlobalSection
EndGlobal
